
Microsoft Visual Studio Solution File, Format Version 12.00
# Visual Studio 15
Project("{FAE04EC0-301F-11D3-BF4B-00C04F79EFBC}") = "fps.Gameplay", "fps.Gameplay.csproj", "{93911C3F-3E63-56E4-DDFA-86B435E55A3E}"
EndProject
Project("{FAE04EC0-301F-11D3-BF4B-00C04F79EFBC}") = "fps.UI", "fps.UI.csproj", "{BF7FE41D-4EF5-3C6C-96DD-2E9FEFEF439D}"
EndProject
Project("{FAE04EC0-301F-11D3-BF4B-00C04F79EFBC}") = "Assembly-CSharp", "Assembly-CSharp.csproj", "{4D7A34A6-CD81-D0A6-7407-98BCBECE5918}"
EndProject
Project("{FAE04EC0-301F-11D3-BF4B-00C04F79EFBC}") = "fps.Game", "fps.Game.csproj", "{B4B62AAD-9C0C-8CE1-7D5B-7DC6E6733656}"
EndProject
Project("{FAE04EC0-301F-11D3-BF4B-00C04F79EFBC}") = "fps.AI", "fps.AI.csproj", "{3B70279A-07F2-FD22-452F-416F8779CB03}"
EndProject
Project("{FAE04EC0-301F-11D3-BF4B-00C04F79EFBC}") = "NavMeshComponents", "NavMeshComponents.csproj", "{E089ED3F-55C0-A75D-B2E0-4685DC4896F2}"
EndProject
Project("{FAE04EC0-301F-11D3-BF4B-00C04F79EFBC}") = "Unity.FPS.Tutorials", "Unity.FPS.Tutorials.csproj", "{BF062BDF-89FE-6D44-C9D0-E1E594C1F100}"
EndProject
Project("{FAE04EC0-301F-11D3-BF4B-00C04F79EFBC}") = "Unity.Microgame.Tutorials", "Unity.Microgame.Tutorials.csproj", "{ADF135B7-F063-DCA8-1203-9839102975A3}"
EndProject
Project("{FAE04EC0-301F-11D3-BF4B-00C04F79EFBC}") = "fps.Editor", "fps.Editor.csproj", "{BBA757FF-CD7C-6863-8508-265F3BF8AE4F}"
EndProject
Project("{FAE04EC0-301F-11D3-BF4B-00C04F79EFBC}") = "Assembly-CSharp-Editor", "Assembly-CSharp-Editor.csproj", "{52492917-0172-7BD9-E35C-EF149DA6E0A0}"
EndProject
Project("{FAE04EC0-301F-11D3-BF4B-00C04F79EFBC}") = "NavMeshComponentsEditor", "NavMeshComponentsEditor.csproj", "{DB3E6D23-8353-3638-59F4-6D4333A0918C}"
EndProject
Global
	GlobalSection(SolutionConfigurationPlatforms) = preSolution
		Debug|Any CPU = Debug|Any CPU
		Release|Any CPU = Release|Any CPU
	EndGlobalSection
	GlobalSection(ProjectConfigurationPlatforms) = postSolution
		{93911C3F-3E63-56E4-DDFA-86B435E55A3E}.Debug|Any CPU.ActiveCfg = Debug|Any CPU
		{93911C3F-3E63-56E4-DDFA-86B435E55A3E}.Debug|Any CPU.Build.0 = Debug|Any CPU
		{93911C3F-3E63-56E4-DDFA-86B435E55A3E}.Release|Any CPU.ActiveCfg = Release|Any CPU
		{93911C3F-3E63-56E4-DDFA-86B435E55A3E}.Release|Any CPU.Build.0 = Release|Any CPU
		{BF7FE41D-4EF5-3C6C-96DD-2E9FEFEF439D}.Debug|Any CPU.ActiveCfg = Debug|Any CPU
		{BF7FE41D-4EF5-3C6C-96DD-2E9FEFEF439D}.Debug|Any CPU.Build.0 = Debug|Any CPU
		{BF7FE41D-4EF5-3C6C-96DD-2E9FEFEF439D}.Release|Any CPU.ActiveCfg = Release|Any CPU
		{BF7FE41D-4EF5-3C6C-96DD-2E9FEFEF439D}.Release|Any CPU.Build.0 = Release|Any CPU
		{4D7A34A6-CD81-D0A6-7407-98BCBECE5918}.Debug|Any CPU.ActiveCfg = Debug|Any CPU
		{4D7A34A6-CD81-D0A6-7407-98BCBECE5918}.Debug|Any CPU.Build.0 = Debug|Any CPU
		{4D7A34A6-CD81-D0A6-7407-98BCBECE5918}.Release|Any CPU.ActiveCfg = Release|Any CPU
		{4D7A34A6-CD81-D0A6-7407-98BCBECE5918}.Release|Any CPU.Build.0 = Release|Any CPU
		{B4B62AAD-9C0C-8CE1-7D5B-7DC6E6733656}.Debug|Any CPU.ActiveCfg = Debug|Any CPU
		{B4B62AAD-9C0C-8CE1-7D5B-7DC6E6733656}.Debug|Any CPU.Build.0 = Debug|Any CPU
		{B4B62AAD-9C0C-8CE1-7D5B-7DC6E6733656}.Release|Any CPU.ActiveCfg = Release|Any CPU
		{B4B62AAD-9C0C-8CE1-7D5B-7DC6E6733656}.Release|Any CPU.Build.0 = Release|Any CPU
		{3B70279A-07F2-FD22-452F-416F8779CB03}.Debug|Any CPU.ActiveCfg = Debug|Any CPU
		{3B70279A-07F2-FD22-452F-416F8779CB03}.Debug|Any CPU.Build.0 = Debug|Any CPU
		{3B70279A-07F2-FD22-452F-416F8779CB03}.Release|Any CPU.ActiveCfg = Release|Any CPU
		{3B70279A-07F2-FD22-452F-416F8779CB03}.Release|Any CPU.Build.0 = Release|Any CPU
		{E089ED3F-55C0-A75D-B2E0-4685DC4896F2}.Debug|Any CPU.ActiveCfg = Debug|Any CPU
		{E089ED3F-55C0-A75D-B2E0-4685DC4896F2}.Debug|Any CPU.Build.0 = Debug|Any CPU
		{E089ED3F-55C0-A75D-B2E0-4685DC4896F2}.Release|Any CPU.ActiveCfg = Release|Any CPU
		{E089ED3F-55C0-A75D-B2E0-4685DC4896F2}.Release|Any CPU.Build.0 = Release|Any CPU
		{BF062BDF-89FE-6D44-C9D0-E1E594C1F100}.Debug|Any CPU.ActiveCfg = Debug|Any CPU
		{BF062BDF-89FE-6D44-C9D0-E1E594C1F100}.Debug|Any CPU.Build.0 = Debug|Any CPU
		{BF062BDF-89FE-6D44-C9D0-E1E594C1F100}.Release|Any CPU.ActiveCfg = Release|Any CPU
		{BF062BDF-89FE-6D44-C9D0-E1E594C1F100}.Release|Any CPU.Build.0 = Release|Any CPU
		{ADF135B7-F063-DCA8-1203-9839102975A3}.Debug|Any CPU.ActiveCfg = Debug|Any CPU
		{ADF135B7-F063-DCA8-1203-9839102975A3}.Debug|Any CPU.Build.0 = Debug|Any CPU
		{ADF135B7-F063-DCA8-1203-9839102975A3}.Release|Any CPU.ActiveCfg = Release|Any CPU
		{ADF135B7-F063-DCA8-1203-9839102975A3}.Release|Any CPU.Build.0 = Release|Any CPU
		{BBA757FF-CD7C-6863-8508-265F3BF8AE4F}.Debug|Any CPU.ActiveCfg = Debug|Any CPU
		{BBA757FF-CD7C-6863-8508-265F3BF8AE4F}.Debug|Any CPU.Build.0 = Debug|Any CPU
		{BBA757FF-CD7C-6863-8508-265F3BF8AE4F}.Release|Any CPU.ActiveCfg = Release|Any CPU
		{BBA757FF-CD7C-6863-8508-265F3BF8AE4F}.Release|Any CPU.Build.0 = Release|Any CPU
		{52492917-0172-7BD9-E35C-EF149DA6E0A0}.Debug|Any CPU.ActiveCfg = Debug|Any CPU
		{52492917-0172-7BD9-E35C-EF149DA6E0A0}.Debug|Any CPU.Build.0 = Debug|Any CPU
		{52492917-0172-7BD9-E35C-EF149DA6E0A0}.Release|Any CPU.ActiveCfg = Release|Any CPU
		{52492917-0172-7BD9-E35C-EF149DA6E0A0}.Release|Any CPU.Build.0 = Release|Any CPU
		{DB3E6D23-8353-3638-59F4-6D4333A0918C}.Debug|Any CPU.ActiveCfg = Debug|Any CPU
		{DB3E6D23-8353-3638-59F4-6D4333A0918C}.Debug|Any CPU.Build.0 = Debug|Any CPU
		{DB3E6D23-8353-3638-59F4-6D4333A0918C}.Release|Any CPU.ActiveCfg = Release|Any CPU
		{DB3E6D23-8353-3638-59F4-6D4333A0918C}.Release|Any CPU.Build.0 = Release|Any CPU
	EndGlobalSection
	GlobalSection(SolutionProperties) = preSolution
		HideSolutionNode = FALSE
	EndGlobalSection
EndGlobal
